<?xml version="1.0" encoding="utf-8"?>
<Project ToolsVersion="4.0" xmlns="http://schemas.microsoft.com/developer/msbuild/2003">
  <ItemGroup>
    <Filter Include="Timefall">
      <UniqueIdentifier>{13A08F99-FF6C-EAA4-2886-D84C14B21F33}</UniqueIdentifier>
    </Filter>
  </ItemGroup>
  <ItemGroup>
    <ClInclude Include="src\Timefall.h" />
    <ClInclude Include="src\Timefall\Application.h">
      <Filter>Timefall</Filter>
    </ClInclude>
    <ClInclude Include="src\Timefall\Core.h">
      <Filter>Timefall</Filter>
    </ClInclude>
    <ClInclude Include="src\Timefall\EntryPoint.h">
      <Filter>Timefall</Filter>
    </ClInclude>
    <ClInclude Include="src\Timefall\Log.h">
      <Filter>Timefall</Filter>
    </ClInclude>
  </ItemGroup>
  <ItemGroup>
    <ClCompile Include="src\Timefall\Application.cpp">
      <Filter>Timefall</Filter>
    </ClCompile>
    <ClCompile Include="src\Timefall\Log.cpp">
      <Filter>Timefall</Filter>
    </ClCompile>
  </ItemGroup>
</Project>